
Microsoft Visual Studio Solution File, Format Version 12.00
# Visual Studio Version 17
VisualStudioVersion = 17.4.33213.308
MinimumVisualStudioVersion = 10.0.40219.1
Project("{FAE04EC0-301F-11D3-BF4B-00C04F79EFBC}") = "Week3IfAndSwitch", "Week3IfAndSwitch\Week3IfAndSwitch.csproj", "{5A083C96-7EA9-4836-B730-43D16B51322E}"
EndProject
Project("{FAE04EC0-301F-11D3-BF4B-00C04F79EFBC}") = "OddOrEven", "OddOrEven\OddOrEven.csproj", "{FAB6FFE9-0DEF-42EA-8FA0-77F5C56EB565}"
EndProject
Project("{FAE04EC0-301F-11D3-BF4B-00C04F79EFBC}") = "IfDayOfTheWeek", "IfDayOfTheWeek\IfDayOfTheWeek.csproj", "{6BFF24CB-C905-447B-9AD7-88EDDF370DDF}"
EndProject
Project("{FAE04EC0-301F-11D3-BF4B-00C04F79EFBC}") = "SwitchDayOfTheWeek", "SwitchDayOfTheWeek\SwitchDayOfTheWeek.csproj", "{C33996AC-ADEC-473F-836D-6C395930BAC9}"
EndProject
Global
	GlobalSection(SolutionConfigurationPlatforms) = preSolution
		Debug|Any CPU = Debug|Any CPU
		Release|Any CPU = Release|Any CPU
	EndGlobalSection
	GlobalSection(ProjectConfigurationPlatforms) = postSolution
		{5A083C96-7EA9-4836-B730-43D16B51322E}.Debug|Any CPU.ActiveCfg = Debug|Any CPU
		{5A083C96-7EA9-4836-B730-43D16B51322E}.Debug|Any CPU.Build.0 = Debug|Any CPU
		{5A083C96-7EA9-4836-B730-43D16B51322E}.Release|Any CPU.ActiveCfg = Release|Any CPU
		{5A083C96-7EA9-4836-B730-43D16B51322E}.Release|Any CPU.Build.0 = Release|Any CPU
		{FAB6FFE9-0DEF-42EA-8FA0-77F5C56EB565}.Debug|Any CPU.ActiveCfg = Debug|Any CPU
		{FAB6FFE9-0DEF-42EA-8FA0-77F5C56EB565}.Debug|Any CPU.Build.0 = Debug|Any CPU
		{FAB6FFE9-0DEF-42EA-8FA0-77F5C56EB565}.Release|Any CPU.ActiveCfg = Release|Any CPU
		{FAB6FFE9-0DEF-42EA-8FA0-77F5C56EB565}.Release|Any CPU.Build.0 = Release|Any CPU
		{6BFF24CB-C905-447B-9AD7-88EDDF370DDF}.Debug|Any CPU.ActiveCfg = Debug|Any CPU
		{6BFF24CB-C905-447B-9AD7-88EDDF370DDF}.Debug|Any CPU.Build.0 = Debug|Any CPU
		{6BFF24CB-C905-447B-9AD7-88EDDF370DDF}.Release|Any CPU.ActiveCfg = Release|Any CPU
		{6BFF24CB-C905-447B-9AD7-88EDDF370DDF}.Release|Any CPU.Build.0 = Release|Any CPU
		{C33996AC-ADEC-473F-836D-6C395930BAC9}.Debug|Any CPU.ActiveCfg = Debug|Any CPU
		{C33996AC-ADEC-473F-836D-6C395930BAC9}.Debug|Any CPU.Build.0 = Debug|Any CPU
		{C33996AC-ADEC-473F-836D-6C395930BAC9}.Release|Any CPU.ActiveCfg = Release|Any CPU
		{C33996AC-ADEC-473F-836D-6C395930BAC9}.Release|Any CPU.Build.0 = Release|Any CPU
	EndGlobalSection
	GlobalSection(SolutionProperties) = preSolution
		HideSolutionNode = FALSE
	EndGlobalSection
	GlobalSection(ExtensibilityGlobals) = postSolution
		SolutionGuid = {CAB6190B-67C5-43DF-915C-B5B3453F6C03}
	EndGlobalSection
EndGlobal
